
Microsoft Visual Studio Solution File, Format Version 12.00
# Visual Studio Version 17
VisualStudioVersion = 17.4.33110.190
MinimumVisualStudioVersion = 10.0.40219.1
Project("{FAE04EC0-301F-11D3-BF4B-00C04F79EFBC}") = "student management system", "student management system\student management system.csproj", "{65CC5B32-F75C-4BB7-8A62-F85C4B7326BD}"
EndProject
Global
	GlobalSection(SolutionConfigurationPlatforms) = preSolution
		Debug|Any CPU = Debug|Any CPU
		Release|Any CPU = Release|Any CPU
	EndGlobalSection
	GlobalSection(ProjectConfigurationPlatforms) = postSolution
		{65CC5B32-F75C-4BB7-8A62-F85C4B7326BD}.Debug|Any CPU.ActiveCfg = Debug|Any CPU
		{65CC5B32-F75C-4BB7-8A62-F85C4B7326BD}.Debug|Any CPU.Build.0 = Debug|Any CPU
		{65CC5B32-F75C-4BB7-8A62-F85C4B7326BD}.Release|Any CPU.ActiveCfg = Release|Any CPU
		{65CC5B32-F75C-4BB7-8A62-F85C4B7326BD}.Release|Any CPU.Build.0 = Release|Any CPU
	EndGlobalSection
	GlobalSection(SolutionProperties) = preSolution
		HideSolutionNode = FALSE
	EndGlobalSection
	GlobalSection(ExtensibilityGlobals) = postSolution
		SolutionGuid = {EBD1F5A8-CB42-4EE9-9DD1-B1D4C227A2EC}
	EndGlobalSection
EndGlobal
